
Microsoft Visual Studio Solution File, Format Version 12.00
# Visual Studio 15
VisualStudioVersion = 15.0.28010.2016
MinimumVisualStudioVersion = 10.0.40219.1
Project("{FAE04EC0-301F-11D3-BF4B-00C04F79EFBC}") = "fifa-project-gokker", "fifa-project-gokker\fifa-project-gokker.csproj", "{C7378776-006A-4DBA-978C-E53FB52D48EE}"
EndProject
Global
	GlobalSection(SolutionConfigurationPlatforms) = preSolution
		Debug|Any CPU = Debug|Any CPU
		Release|Any CPU = Release|Any CPU
	EndGlobalSection
	GlobalSection(ProjectConfigurationPlatforms) = postSolution
		{C7378776-006A-4DBA-978C-E53FB52D48EE}.Debug|Any CPU.ActiveCfg = Debug|Any CPU
		{C7378776-006A-4DBA-978C-E53FB52D48EE}.Debug|Any CPU.Build.0 = Debug|Any CPU
		{C7378776-006A-4DBA-978C-E53FB52D48EE}.Release|Any CPU.ActiveCfg = Release|Any CPU
		{C7378776-006A-4DBA-978C-E53FB52D48EE}.Release|Any CPU.Build.0 = Release|Any CPU
	EndGlobalSection
	GlobalSection(SolutionProperties) = preSolution
		HideSolutionNode = FALSE
	EndGlobalSection
	GlobalSection(ExtensibilityGlobals) = postSolution
		SolutionGuid = {1AB9B9A9-A238-44BF-9CDF-19A4EFE0F339}
	EndGlobalSection
EndGlobal
